
Microsoft Visual Studio Solution File, Format Version 12.00
# Visual Studio Version 17
VisualStudioVersion = 17.14.36310.24
MinimumVisualStudioVersion = 10.0.40219.1
Project("{FAE04EC0-301F-11D3-BF4B-00C04F79EFBC}") = "HGT.EAM.WebServices", "HGT.EAM.WebServices\HGT.EAM.WebServices.csproj", "{513E703C-3395-1556-AB12-7D87DCD76276}"
EndProject
Project("{FAE04EC0-301F-11D3-BF4B-00C04F79EFBC}") = "HGT.EAM.WebServices.Conector", "HGT.EAM.WebServices.Conector\HGT.EAM.WebServices.Conector.csproj", "{646B8ECF-4783-48F0-99F6-4B00679B94EC}"
EndProject
Project("{FAE04EC0-301F-11D3-BF4B-00C04F79EFBC}") = "HGT.EAM.WebServices.Infrastructure", "HGT.EAM.WebServices.Infraestructure\HGT.EAM.WebServices.Infrastructure.csproj", "{AEA2FF8E-42C5-49A9-82B7-C9863896D525}"
EndProject
Global
	GlobalSection(SolutionConfigurationPlatforms) = preSolution
		Debug|Any CPU = Debug|Any CPU
		Release|Any CPU = Release|Any CPU
	EndGlobalSection
	GlobalSection(ProjectConfigurationPlatforms) = postSolution
		{513E703C-3395-1556-AB12-7D87DCD76276}.Debug|Any CPU.ActiveCfg = Debug|Any CPU
		{513E703C-3395-1556-AB12-7D87DCD76276}.Debug|Any CPU.Build.0 = Debug|Any CPU
		{513E703C-3395-1556-AB12-7D87DCD76276}.Release|Any CPU.ActiveCfg = Release|Any CPU
		{513E703C-3395-1556-AB12-7D87DCD76276}.Release|Any CPU.Build.0 = Release|Any CPU
		{646B8ECF-4783-48F0-99F6-4B00679B94EC}.Debug|Any CPU.ActiveCfg = Debug|Any CPU
		{646B8ECF-4783-48F0-99F6-4B00679B94EC}.Debug|Any CPU.Build.0 = Debug|Any CPU
		{646B8ECF-4783-48F0-99F6-4B00679B94EC}.Release|Any CPU.ActiveCfg = Release|Any CPU
		{646B8ECF-4783-48F0-99F6-4B00679B94EC}.Release|Any CPU.Build.0 = Release|Any CPU
		{AEA2FF8E-42C5-49A9-82B7-C9863896D525}.Debug|Any CPU.ActiveCfg = Debug|Any CPU
		{AEA2FF8E-42C5-49A9-82B7-C9863896D525}.Debug|Any CPU.Build.0 = Debug|Any CPU
		{AEA2FF8E-42C5-49A9-82B7-C9863896D525}.Release|Any CPU.ActiveCfg = Release|Any CPU
		{AEA2FF8E-42C5-49A9-82B7-C9863896D525}.Release|Any CPU.Build.0 = Release|Any CPU
	EndGlobalSection
	GlobalSection(SolutionProperties) = preSolution
		HideSolutionNode = FALSE
	EndGlobalSection
	GlobalSection(ExtensibilityGlobals) = postSolution
		SolutionGuid = {0B43AF02-1E47-47C9-B45A-968735D46B3D}
	EndGlobalSection
EndGlobal
